
Microsoft Visual Studio Solution File, Format Version 12.00
# Visual Studio 2013
VisualStudioVersion = 12.0.40629.0
MinimumVisualStudioVersion = 10.0.40219.1
Project("{FAE04EC0-301F-11D3-BF4B-00C04F79EFBC}") = "RefServices", "RefService\RefServices.csproj", "{21F4CB65-2D5C-48BE-A7B5-6C4BB41B2881}"
EndProject
Project("{FAE04EC0-301F-11D3-BF4B-00C04F79EFBC}") = "RefServiceHostInISS", "RefServiceHostInISS\RefServiceHostInISS.csproj", "{FFCBE5A4-F73D-4E00-ADA3-DF0E7EE92DF7}"
EndProject
Global
	GlobalSection(SolutionConfigurationPlatforms) = preSolution
		Debug|Any CPU = Debug|Any CPU
		Release|Any CPU = Release|Any CPU
	EndGlobalSection
	GlobalSection(ProjectConfigurationPlatforms) = postSolution
		{21F4CB65-2D5C-48BE-A7B5-6C4BB41B2881}.Debug|Any CPU.ActiveCfg = Debug|Any CPU
		{21F4CB65-2D5C-48BE-A7B5-6C4BB41B2881}.Debug|Any CPU.Build.0 = Debug|Any CPU
		{21F4CB65-2D5C-48BE-A7B5-6C4BB41B2881}.Release|Any CPU.ActiveCfg = Release|Any CPU
		{21F4CB65-2D5C-48BE-A7B5-6C4BB41B2881}.Release|Any CPU.Build.0 = Release|Any CPU
		{FFCBE5A4-F73D-4E00-ADA3-DF0E7EE92DF7}.Debug|Any CPU.ActiveCfg = Debug|Any CPU
		{FFCBE5A4-F73D-4E00-ADA3-DF0E7EE92DF7}.Debug|Any CPU.Build.0 = Debug|Any CPU
		{FFCBE5A4-F73D-4E00-ADA3-DF0E7EE92DF7}.Release|Any CPU.ActiveCfg = Release|Any CPU
		{FFCBE5A4-F73D-4E00-ADA3-DF0E7EE92DF7}.Release|Any CPU.Build.0 = Release|Any CPU
	EndGlobalSection
	GlobalSection(SolutionProperties) = preSolution
		HideSolutionNode = FALSE
	EndGlobalSection
EndGlobal
